github.com/otiai10/mint v1.4.1 h1:HOVBfKP1oXIc0wWo9hZ8JLdZtyCPWqjvmFDuVZ0yv2Y=
github.com/otiai10/openaigo v1.0.0 h1:E4SoShWjMVltBAkM4/QsxGPhPKZlpKp0GSK6Ov1MSOg=
github.com/otiai10/openaigo v1.0.0/go.mod h1:792bx6AWTS61weDi2EzKpHHnTF4eDMAlJ5GvAk/mgPg=
github.com/sashabaranov/go-openai v1.5.7 h1:8DGgRG+P7yWixte5j720y6yiXgY3Hlgcd0gcpHdltfo=
github.com/sashabaranov/go-openai v1.5.7/go.mod h1:lj5b/K+zjTSFxVLijLSTDZuP7adOgerWeFyZLUhAKRg=
